
Microsoft Visual Studio Solution File, Format Version 12.00
# Visual Studio Version 17
VisualStudioVersion = 17.5.33516.290
MinimumVisualStudioVersion = 10.0.40219.1
Project("{FAE04EC0-301F-11D3-BF4B-00C04F79EFBC}") = "InventoryConsoleApp", "InventoryConsoleApp\InventoryConsoleApp.csproj", "{62E58FBF-75D4-4EC3-A0D9-F8C66B945CFC}"
EndProject
Global
	GlobalSection(SolutionConfigurationPlatforms) = preSolution
		Debug|Any CPU = Debug|Any CPU
		Release|Any CPU = Release|Any CPU
	EndGlobalSection
	GlobalSection(ProjectConfigurationPlatforms) = postSolution
		{62E58FBF-75D4-4EC3-A0D9-F8C66B945CFC}.Debug|Any CPU.ActiveCfg = Debug|Any CPU
		{62E58FBF-75D4-4EC3-A0D9-F8C66B945CFC}.Debug|Any CPU.Build.0 = Debug|Any CPU
		{62E58FBF-75D4-4EC3-A0D9-F8C66B945CFC}.Release|Any CPU.ActiveCfg = Release|Any CPU
		{62E58FBF-75D4-4EC3-A0D9-F8C66B945CFC}.Release|Any CPU.Build.0 = Release|Any CPU
	EndGlobalSection
	GlobalSection(SolutionProperties) = preSolution
		HideSolutionNode = FALSE
	EndGlobalSection
	GlobalSection(ExtensibilityGlobals) = postSolution
		SolutionGuid = {1EAC7E9F-ED7F-49F0-B036-4D8887173FEE}
	EndGlobalSection
EndGlobal
